// !$*UTF8*$!
{
	archiveVersion = 1;
	classes = {
	};
	objectVersion = 46;
	objects = {

/* Begin PBXAggregateTarget section */
		65F0B8EA13DF714E00D0980C /* Run Tests */ = {
			isa = PBXAggregateTarget;
			buildConfigurationList = 65F0B8ED13DF716D00D0980C /* Build configuration list for PBXAggregateTarget "Run Tests" */;
			buildPhases = (
				65F0B8E913DF714E00D0980C /* Run Tests */,
			);
			dependencies = (
				65F0B8FD13DF724D00D0980C /* PBXTargetDependency */,
			);
			name = "Run Tests";
			productName = "MultiMarkdown Tests";
		};
/* End PBXAggregateTarget section */

/* Begin PBXBuildFile section */
		4AFA467413E3625F00CFA132 /* Foundation.framework in Frameworks */ = {isa = PBXBuildFile; fileRef = 4AFA466913E3624F00CFA132 /* Foundation.framework */; };
		4AFA467513E362AC00CFA132 /* GLibFacade.c in Sources */ = {isa = PBXBuildFile; fileRef = 651A528213E1C30100BCB02A /* GLibFacade.c */; };
		4AFA467613E362B500CFA132 /* markdown_parser.c in Sources */ = {isa = PBXBuildFile; fileRef = 65F0B8B113DF6D4000D0980C /* markdown_parser.c */; };
		4AFA467A13E363FA00CFA132 /* markdown_lib.c in Sources */ = {isa = PBXBuildFile; fileRef = 65F0B66113DF47CC00D0980C /* markdown_lib.c */; };
		4AFA467D13E3640600CFA132 /* markdown_output.c in Sources */ = {isa = PBXBuildFile; fileRef = 65F0B66313DF47CC00D0980C /* markdown_output.c */; };
		65F0B69E13DF47CC00D0980C /* markdown.c in Sources */ = {isa = PBXBuildFile; fileRef = 65F0B66713DF47CC00D0980C /* markdown.c */; };
		65F89EA713E37B9D006A34B8 /* libMultiMarkdown.a in Frameworks */ = {isa = PBXBuildFile; fileRef = 4AFA466213E3624F00CFA132 /* libMultiMarkdown.a */; };
		DF592D0016D813EB00CD6D39 /* utility_functions.c in Sources */ = {isa = PBXBuildFile; fileRef = 65F0B69A13DF47CC00D0980C /* utility_functions.c */; };
		DF592D0116D813F300CD6D39 /* parsing_functions.c in Sources */ = {isa = PBXBuildFile; fileRef = 65F0B66A13DF47CC00D0980C /* parsing_functions.c */; };
		DF592D0216D813F900CD6D39 /* odf.c in Sources */ = {isa = PBXBuildFile; fileRef = 65F0B66813DF47CC00D0980C /* odf.c */; };
/* End PBXBuildFile section */

/* Begin PBXContainerItemProxy section */
		4AFA467813E3633800CFA132 /* PBXContainerItemProxy */ = {
			isa = PBXContainerItemProxy;
			containerPortal = 08FB7793FE84155DC02AAC07 /* Project object */;
			proxyType = 1;
			remoteGlobalIDString = 65F0B88813DF6C0D00D0980C;
			remoteInfo = Peg;
		};
		65F0B8FC13DF724D00D0980C /* PBXContainerItemProxy */ = {
			isa = PBXContainerItemProxy;
			containerPortal = 08FB7793FE84155DC02AAC07 /* Project object */;
			proxyType = 1;
			remoteGlobalIDString = 8DD76FA90486AB0100D96B5E;
			remoteInfo = MultiMarkdown;
		};
		65F89EAC13E37BAC006A34B8 /* PBXContainerItemProxy */ = {
			isa = PBXContainerItemProxy;
			containerPortal = 08FB7793FE84155DC02AAC07 /* Project object */;
			proxyType = 1;
			remoteGlobalIDString = 4AFA466113E3624F00CFA132;
			remoteInfo = libMultiMarkdown;
		};
/* End PBXContainerItemProxy section */

/* Begin PBXCopyFilesBuildPhase section */
		8DD76FAF0486AB0100D96B5E /* CopyFiles */ = {
			isa = PBXCopyFilesBuildPhase;
			buildActionMask = 8;
			dstPath = /usr/share/man/man1/;
			dstSubfolderSpec = 0;
			files = (
			);
			runOnlyForDeploymentPostprocessing = 1;
		};
/* End PBXCopyFilesBuildPhase section */

/* Begin PBXFileReference section */
		4AFA466213E3624F00CFA132 /* libMultiMarkdown.a */ = {isa = PBXFileReference; explicitFileType = archive.ar; includeInIndex = 0; path = libMultiMarkdown.a; sourceTree = BUILT_PRODUCTS_DIR; };
		4AFA466413E3624F00CFA132 /* Cocoa.framework */ = {isa = PBXFileReference; lastKnownFileType = wrapper.framework; name = Cocoa.framework; path = System/Library/Frameworks/Cocoa.framework; sourceTree = SDKROOT; };
		4AFA466713E3624F00CFA132 /* AppKit.framework */ = {isa = PBXFileReference; lastKnownFileType = wrapper.framework; name = AppKit.framework; path = System/Library/Frameworks/AppKit.framework; sourceTree = SDKROOT; };
		4AFA466813E3624F00CFA132 /* CoreData.framework */ = {isa = PBXFileReference; lastKnownFileType = wrapper.framework; name = CoreData.framework; path = System/Library/Frameworks/CoreData.framework; sourceTree = SDKROOT; };
		4AFA466913E3624F00CFA132 /* Foundation.framework */ = {isa = PBXFileReference; lastKnownFileType = wrapper.framework; name = Foundation.framework; path = System/Library/Frameworks/Foundation.framework; sourceTree = SDKROOT; };
		651A525B13E1BEFE00BCB02A /* TODO.txt */ = {isa = PBXFileReference; fileEncoding = 4; lastKnownFileType = text; path = TODO.txt; sourceTree = "<group>"; };
		651A528113E1C30100BCB02A /* GLibFacade.h */ = {isa = PBXFileReference; fileEncoding = 4; lastKnownFileType = sourcecode.c.h; path = GLibFacade.h; sourceTree = "<group>"; };
		651A528213E1C30100BCB02A /* GLibFacade.c */ = {isa = PBXFileReference; fileEncoding = 4; lastKnownFileType = sourcecode.c.c; path = GLibFacade.c; sourceTree = "<group>"; };
		65F0B66113DF47CC00D0980C /* markdown_lib.c */ = {isa = PBXFileReference; explicitFileType = sourcecode.c.objc; fileEncoding = 4; path = markdown_lib.c; sourceTree = "<group>"; };
		65F0B66213DF47CC00D0980C /* markdown_lib.h */ = {isa = PBXFileReference; fileEncoding = 4; lastKnownFileType = sourcecode.c.h; path = markdown_lib.h; sourceTree = "<group>"; };
		65F0B66313DF47CC00D0980C /* markdown_output.c */ = {isa = PBXFileReference; explicitFileType = sourcecode.c.objc; fileEncoding = 4; path = markdown_output.c; sourceTree = "<group>"; };
		65F0B66513DF47CC00D0980C /* markdown_parser.leg */ = {isa = PBXFileReference; fileEncoding = 4; lastKnownFileType = text; path = markdown_parser.leg; sourceTree = "<group>"; };
		65F0B66613DF47CC00D0980C /* markdown_peg.h */ = {isa = PBXFileReference; fileEncoding = 4; lastKnownFileType = sourcecode.c.h; path = markdown_peg.h; sourceTree = "<group>"; };
		65F0B66713DF47CC00D0980C /* markdown.c */ = {isa = PBXFileReference; explicitFileType = sourcecode.c.objc; fileEncoding = 4; path = markdown.c; sourceTree = "<group>"; };
		65F0B66813DF47CC00D0980C /* odf.c */ = {isa = PBXFileReference; explicitFileType = sourcecode.c.objc; fileEncoding = 4; path = odf.c; sourceTree = "<group>"; };
		65F0B66913DF47CC00D0980C /* odf.h */ = {isa = PBXFileReference; fileEncoding = 4; lastKnownFileType = sourcecode.c.h; path = odf.h; sourceTree = "<group>"; };
		65F0B66A13DF47CC00D0980C /* parsing_functions.c */ = {isa = PBXFileReference; explicitFileType = sourcecode.c.objc; fileEncoding = 4; path = parsing_functions.c; sourceTree = "<group>"; };
		65F0B69A13DF47CC00D0980C /* utility_functions.c */ = {isa = PBXFileReference; explicitFileType = sourcecode.c.objc; fileEncoding = 4; path = utility_functions.c; sourceTree = "<group>"; };
		65F0B6C513DF485F00D0980C /* Makefile */ = {isa = PBXFileReference; fileEncoding = 4; lastKnownFileType = sourcecode.make; path = Makefile; sourceTree = "<group>"; };
		65F0B6D713DF4C6B00D0980C /* MarkdownMacPrefix.h */ = {isa = PBXFileReference; fileEncoding = 4; lastKnownFileType = sourcecode.c.h; path = MarkdownMacPrefix.h; sourceTree = "<group>"; };
		65F0B6F313DF4D9800D0980C /* glib.h */ = {isa = PBXFileReference; fileEncoding = 4; lastKnownFileType = sourcecode.c.h; path = glib.h; sourceTree = "<group>"; };
		65F0B8B113DF6D4000D0980C /* markdown_parser.c */ = {isa = PBXFileReference; explicitFileType = sourcecode.c.objc; fileEncoding = 4; path = markdown_parser.c; sourceTree = "<group>"; };
		65F89E8113E379ED006A34B8 /* Release10.6+.xcconfig */ = {isa = PBXFileReference; fileEncoding = 4; lastKnownFileType = text.xcconfig; path = "Release10.6+.xcconfig"; sourceTree = "<group>"; };
		65F89EB813E37BEF006A34B8 /* Common.xcconfig */ = {isa = PBXFileReference; fileEncoding = 4; lastKnownFileType = text.xcconfig; path = Common.xcconfig; sourceTree = "<group>"; };
		65F89EB913E37BEF006A34B8 /* Debug.xcconfig */ = {isa = PBXFileReference; fileEncoding = 4; lastKnownFileType = text.xcconfig; path = Debug.xcconfig; sourceTree = "<group>"; };
		65F89EBA13E37C2A006A34B8 /* Release.xcconfig */ = {isa = PBXFileReference; fileEncoding = 4; lastKnownFileType = text.xcconfig; path = Release.xcconfig; sourceTree = "<group>"; };
		8DD76FB20486AB0100D96B5E /* multimarkdown */ = {isa = PBXFileReference; explicitFileType = "compiled.mach-o.executable"; includeInIndex = 0; path = multimarkdown; sourceTree = BUILT_PRODUCTS_DIR; };
		DF592CD016D7F1D400CD6D39 /* compile.c */ = {isa = PBXFileReference; fileEncoding = 4; lastKnownFileType = sourcecode.c.c; path = compile.c; sourceTree = "<group>"; };
		DF592CD116D7F1D400CD6D39 /* compile.o */ = {isa = PBXFileReference; lastKnownFileType = "compiled.mach-o.objfile"; path = compile.o; sourceTree = "<group>"; };
		DF592CD316D7F1D400CD6D39 /* accept.c */ = {isa = PBXFileReference; fileEncoding = 4; lastKnownFileType = sourcecode.c.c; path = accept.c; sourceTree = "<group>"; };
		DF592CD416D7F1D400CD6D39 /* accept.peg */ = {isa = PBXFileReference; fileEncoding = 4; lastKnownFileType = text; path = accept.peg; sourceTree = "<group>"; };
		DF592CD516D7F1D400CD6D39 /* accept.ref */ = {isa = PBXFileReference; fileEncoding = 4; lastKnownFileType = text; path = accept.ref; sourceTree = "<group>"; };
		DF592CD616D7F1D400CD6D39 /* basic.leg */ = {isa = PBXFileReference; fileEncoding = 4; lastKnownFileType = text; path = basic.leg; sourceTree = "<group>"; };
		DF592CD716D7F1D400CD6D39 /* basic.ref */ = {isa = PBXFileReference; fileEncoding = 4; lastKnownFileType = text; path = basic.ref; sourceTree = "<group>"; };
		DF592CD816D7F1D400CD6D39 /* bench.bas */ = {isa = PBXFileReference; fileEncoding = 4; lastKnownFileType = text; path = bench.bas; sourceTree = "<group>"; };
		DF592CD916D7F1D400CD6D39 /* calc.leg */ = {isa = PBXFileReference; fileEncoding = 4; lastKnownFileType = text; path = calc.leg; sourceTree = "<group>"; };
		DF592CDA16D7F1D400CD6D39 /* calc.ref */ = {isa = PBXFileReference; fileEncoding = 4; lastKnownFileType = text; path = calc.ref; sourceTree = "<group>"; };
		DF592CDB16D7F1D400CD6D39 /* dc.c */ = {isa = PBXFileReference; fileEncoding = 4; lastKnownFileType = sourcecode.c.c; path = dc.c; sourceTree = "<group>"; };
		DF592CDC16D7F1D400CD6D39 /* dc.peg */ = {isa = PBXFileReference; fileEncoding = 4; lastKnownFileType = text; path = dc.peg; sourceTree = "<group>"; };
		DF592CDD16D7F1D400CD6D39 /* dc.ref */ = {isa = PBXFileReference; fileEncoding = 4; lastKnownFileType = text; path = dc.ref; sourceTree = "<group>"; };
		DF592CDE16D7F1D400CD6D39 /* dcv.c */ = {isa = PBXFileReference; fileEncoding = 4; lastKnownFileType = sourcecode.c.c; path = dcv.c; sourceTree = "<group>"; };
		DF592CDF16D7F1D400CD6D39 /* dcv.peg */ = {isa = PBXFileReference; fileEncoding = 4; lastKnownFileType = text; path = dcv.peg; sourceTree = "<group>"; };
		DF592CE016D7F1D400CD6D39 /* dcv.ref */ = {isa = PBXFileReference; fileEncoding = 4; lastKnownFileType = text; path = dcv.ref; sourceTree = "<group>"; };
		DF592CE116D7F1D400CD6D39 /* fibonacci.bas */ = {isa = PBXFileReference; fileEncoding = 4; lastKnownFileType = text; path = fibonacci.bas; sourceTree = "<group>"; };
		DF592CE216D7F1D400CD6D39 /* left.c */ = {isa = PBXFileReference; fileEncoding = 4; lastKnownFileType = sourcecode.c.c; path = left.c; sourceTree = "<group>"; };
		DF592CE316D7F1D400CD6D39 /* left.peg */ = {isa = PBXFileReference; fileEncoding = 4; lastKnownFileType = text; path = left.peg; sourceTree = "<group>"; };
		DF592CE416D7F1D400CD6D39 /* localctx.c */ = {isa = PBXFileReference; fileEncoding = 4; lastKnownFileType = sourcecode.c.c; path = localctx.c; sourceTree = "<group>"; };
		DF592CE516D7F1D400CD6D39 /* localctx.ref */ = {isa = PBXFileReference; fileEncoding = 4; lastKnownFileType = text; path = localctx.ref; sourceTree = "<group>"; };
		DF592CE616D7F1D400CD6D39 /* Makefile */ = {isa = PBXFileReference; fileEncoding = 4; lastKnownFileType = sourcecode.make; path = Makefile; sourceTree = "<group>"; };
		DF592CE716D7F1D400CD6D39 /* rule.c */ = {isa = PBXFileReference; fileEncoding = 4; lastKnownFileType = sourcecode.c.c; path = rule.c; sourceTree = "<group>"; };
		DF592CE816D7F1D400CD6D39 /* rule.peg */ = {isa = PBXFileReference; fileEncoding = 4; lastKnownFileType = text; path = rule.peg; sourceTree = "<group>"; };
		DF592CE916D7F1D400CD6D39 /* rule.ref */ = {isa = PBXFileReference; fileEncoding = 4; lastKnownFileType = text; path = rule.ref; sourceTree = "<group>"; };
		DF592CEA16D7F1D400CD6D39 /* test.bas */ = {isa = PBXFileReference; fileEncoding = 4; lastKnownFileType = text; path = test.bas; sourceTree = "<group>"; };
		DF592CEB16D7F1D400CD6D39 /* test.c */ = {isa = PBXFileReference; fileEncoding = 4; lastKnownFileType = sourcecode.c.c; path = test.c; sourceTree = "<group>"; };
		DF592CEC16D7F1D400CD6D39 /* test.peg */ = {isa = PBXFileReference; fileEncoding = 4; lastKnownFileType = text; path = test.peg; sourceTree = "<group>"; };
		DF592CED16D7F1D400CD6D39 /* test.ref */ = {isa = PBXFileReference; fileEncoding = 4; lastKnownFileType = text; path = test.ref; sourceTree = "<group>"; };
		DF592CEE16D7F1D400CD6D39 /* username.leg */ = {isa = PBXFileReference; fileEncoding = 4; lastKnownFileType = text; path = username.leg; sourceTree = "<group>"; };
		DF592CEF16D7F1D400CD6D39 /* wc.leg */ = {isa = PBXFileReference; fileEncoding = 4; lastKnownFileType = text; path = wc.leg; sourceTree = "<group>"; };
		DF592CF016D7F1D400CD6D39 /* wc.ref */ = {isa = PBXFileReference; fileEncoding = 4; lastKnownFileType = text; path = wc.ref; sourceTree = "<group>"; };
		DF592CF116D7F1D400CD6D39 /* leg */ = {isa = PBXFileReference; lastKnownFileType = "compiled.mach-o.executable"; path = leg; sourceTree = "<group>"; };
		DF592CF216D7F1D400CD6D39 /* leg.c */ = {isa = PBXFileReference; fileEncoding = 4; lastKnownFileType = sourcecode.c.c; path = leg.c; sourceTree = "<group>"; };
		DF592CF316D7F1D400CD6D39 /* leg.leg */ = {isa = PBXFileReference; fileEncoding = 4; lastKnownFileType = text; path = leg.leg; sourceTree = "<group>"; };
		DF592CF416D7F1D400CD6D39 /* leg.o */ = {isa = PBXFileReference; lastKnownFileType = "compiled.mach-o.objfile"; path = leg.o; sourceTree = "<group>"; };
		DF592CF516D7F1D400CD6D39 /* Makefile */ = {isa = PBXFileReference; fileEncoding = 4; lastKnownFileType = sourcecode.make; path = Makefile; sourceTree = "<group>"; };
		DF592CF616D7F1D400CD6D39 /* peg */ = {isa = PBXFileReference; lastKnownFileType = "compiled.mach-o.executable"; path = peg; sourceTree = "<group>"; };
		DF592CF716D7F1D400CD6D39 /* peg.1 */ = {isa = PBXFileReference; fileEncoding = 4; lastKnownFileType = text.man; path = peg.1; sourceTree = "<group>"; };
		DF592CF816D7F1D400CD6D39 /* peg.c */ = {isa = PBXFileReference; fileEncoding = 4; lastKnownFileType = sourcecode.c.c; path = peg.c; sourceTree = "<group>"; };
		DF592CF916D7F1D400CD6D39 /* peg.o */ = {isa = PBXFileReference; lastKnownFileType = "compiled.mach-o.objfile"; path = peg.o; sourceTree = "<group>"; };
		DF592CFA16D7F1D400CD6D39 /* peg.peg */ = {isa = PBXFileReference; fileEncoding = 4; lastKnownFileType = text; path = peg.peg; sourceTree = "<group>"; };
		DF592CFB16D7F1D400CD6D39 /* peg.peg-c */ = {isa = PBXFileReference; fileEncoding = 4; lastKnownFileType = text; path = "peg.peg-c"; sourceTree = "<group>"; };
		DF592CFC16D7F1D400CD6D39 /* tree.c */ = {isa = PBXFileReference; fileEncoding = 4; lastKnownFileType = sourcecode.c.c; path = tree.c; sourceTree = "<group>"; };
		DF592CFD16D7F1D400CD6D39 /* tree.h */ = {isa = PBXFileReference; fileEncoding = 4; lastKnownFileType = sourcecode.c.h; path = tree.h; sourceTree = "<group>"; };
		DF592CFE16D7F1D400CD6D39 /* tree.o */ = {isa = PBXFileReference; lastKnownFileType = "compiled.mach-o.objfile"; path = tree.o; sourceTree = "<group>"; };
		DF592CFF16D7F1D400CD6D39 /* version.h */ = {isa = PBXFileReference; fileEncoding = 4; lastKnownFileType = sourcecode.c.h; path = version.h; sourceTree = "<group>"; };
/* End PBXFileReference section */

/* Begin PBXFrameworksBuildPhase section */
		4AFA465F13E3624F00CFA132 /* Frameworks */ = {
			isa = PBXFrameworksBuildPhase;
			buildActionMask = 2147483647;
			files = (
				4AFA467413E3625F00CFA132 /* Foundation.framework in Frameworks */,
			);
			runOnlyForDeploymentPostprocessing = 0;
		};
		8DD76FAD0486AB0100D96B5E /* Frameworks */ = {
			isa = PBXFrameworksBuildPhase;
			buildActionMask = 2147483647;
			files = (
				65F89EA713E37B9D006A34B8 /* libMultiMarkdown.a in Frameworks */,
			);
			runOnlyForDeploymentPostprocessing = 0;
		};
/* End PBXFrameworksBuildPhase section */

/* Begin PBXGroup section */
		08FB7794FE84155DC02AAC07 /* MultiMarkdown */ = {
			isa = PBXGroup;
			children = (
				651A525B13E1BEFE00BCB02A /* TODO.txt */,
				651A528113E1C30100BCB02A /* GLibFacade.h */,
				651A528213E1C30100BCB02A /* GLibFacade.c */,
				65F0B6D713DF4C6B00D0980C /* MarkdownMacPrefix.h */,
				65F0B6F313DF4D9800D0980C /* glib.h */,
				65F89E8013E379ED006A34B8 /* Configuration */,
				65F0B8B513DF6D4700D0980C /* Generated Sources */,
				08FB7795FE84155DC02AAC07 /* Source */,
				C6A0FF2B0290797F04C91782 /* Documentation */,
				4AFA466313E3624F00CFA132 /* Frameworks */,
				1AB674ADFE9D54B511CA2CBB /* Products */,
			);
			name = MultiMarkdown;
			sourceTree = "<group>";
		};
		08FB7795FE84155DC02AAC07 /* Source */ = {
			isa = PBXGroup;
			children = (
				65F0B6C513DF485F00D0980C /* Makefile */,
				65F0B66113DF47CC00D0980C /* markdown_lib.c */,
				65F0B66213DF47CC00D0980C /* markdown_lib.h */,
				65F0B66313DF47CC00D0980C /* markdown_output.c */,
				65F0B66513DF47CC00D0980C /* markdown_parser.leg */,
				65F0B66613DF47CC00D0980C /* markdown_peg.h */,
				65F0B66713DF47CC00D0980C /* markdown.c */,
				65F0B66813DF47CC00D0980C /* odf.c */,
				65F0B66913DF47CC00D0980C /* odf.h */,
				65F0B66A13DF47CC00D0980C /* parsing_functions.c */,
				65F0B69A13DF47CC00D0980C /* utility_functions.c */,
				DF592CCF16D7F1D300CD6D39 /* peg-0.1.9 */,
			);
			name = Source;
			sourceTree = "<group>";
		};
		1AB674ADFE9D54B511CA2CBB /* Products */ = {
			isa = PBXGroup;
			children = (
				8DD76FB20486AB0100D96B5E /* multimarkdown */,
				4AFA466213E3624F00CFA132 /* libMultiMarkdown.a */,
			);
			name = Products;
			sourceTree = "<group>";
		};
		4AFA466313E3624F00CFA132 /* Frameworks */ = {
			isa = PBXGroup;
			children = (
				4AFA466413E3624F00CFA132 /* Cocoa.framework */,
				4AFA466613E3624F00CFA132 /* Other Frameworks */,
			);
			name = Frameworks;
			sourceTree = "<group>";
		};
		4AFA466613E3624F00CFA132 /* Other Frameworks */ = {
			isa = PBXGroup;
			children = (
				4AFA466713E3624F00CFA132 /* AppKit.framework */,
				4AFA466813E3624F00CFA132 /* CoreData.framework */,
				4AFA466913E3624F00CFA132 /* Foundation.framework */,
			);
			name = "Other Frameworks";
			sourceTree = "<group>";
		};
		65F0B8B513DF6D4700D0980C /* Generated Sources */ = {
			isa = PBXGroup;
			children = (
				65F0B8B113DF6D4000D0980C /* markdown_parser.c */,
			);
			name = "Generated Sources";
			sourceTree = "<group>";
		};
		65F89E8013E379ED006A34B8 /* Configuration */ = {
			isa = PBXGroup;
			children = (
				65F89EB813E37BEF006A34B8 /* Common.xcconfig */,
				65F89EB913E37BEF006A34B8 /* Debug.xcconfig */,
				65F89EBA13E37C2A006A34B8 /* Release.xcconfig */,
				65F89E8113E379ED006A34B8 /* Release10.6+.xcconfig */,
			);
			path = Configuration;
			sourceTree = "<group>";
		};
		C6A0FF2B0290797F04C91782 /* Documentation */ = {
			isa = PBXGroup;
			children = (
			);
			name = Documentation;
			sourceTree = "<group>";
		};
		DF592CCF16D7F1D300CD6D39 /* peg-0.1.9 */ = {
			isa = PBXGroup;
			children = (
				DF592CD016D7F1D400CD6D39 /* compile.c */,
				DF592CD116D7F1D400CD6D39 /* compile.o */,
				DF592CD216D7F1D400CD6D39 /* examples */,
				DF592CF116D7F1D400CD6D39 /* leg */,
				DF592CF216D7F1D400CD6D39 /* leg.c */,
				DF592CF316D7F1D400CD6D39 /* leg.leg */,
				DF592CF416D7F1D400CD6D39 /* leg.o */,
				DF592CF516D7F1D400CD6D39 /* Makefile */,
				DF592CF616D7F1D400CD6D39 /* peg */,
				DF592CF716D7F1D400CD6D39 /* peg.1 */,
				DF592CF816D7F1D400CD6D39 /* peg.c */,
				DF592CF916D7F1D400CD6D39 /* peg.o */,
				DF592CFA16D7F1D400CD6D39 /* peg.peg */,
				DF592CFB16D7F1D400CD6D39 /* peg.peg-c */,
				DF592CFC16D7F1D400CD6D39 /* tree.c */,
				DF592CFD16D7F1D400CD6D39 /* tree.h */,
				DF592CFE16D7F1D400CD6D39 /* tree.o */,
				DF592CFF16D7F1D400CD6D39 /* version.h */,
			);
			path = "peg-0.1.9";
			sourceTree = "<group>";
		};
		DF592CD216D7F1D400CD6D39 /* examples */ = {
			isa = PBXGroup;
			children = (
				DF592CD316D7F1D400CD6D39 /* accept.c */,
				DF592CD416D7F1D400CD6D39 /* accept.peg */,
				DF592CD516D7F1D400CD6D39 /* accept.ref */,
				DF592CD616D7F1D400CD6D39 /* basic.leg */,
				DF592CD716D7F1D400CD6D39 /* basic.ref */,
				DF592CD816D7F1D400CD6D39 /* bench.bas */,
				DF592CD916D7F1D400CD6D39 /* calc.leg */,
				DF592CDA16D7F1D400CD6D39 /* calc.ref */,
				DF592CDB16D7F1D400CD6D39 /* dc.c */,
				DF592CDC16D7F1D400CD6D39 /* dc.peg */,
				DF592CDD16D7F1D400CD6D39 /* dc.ref */,
				DF592CDE16D7F1D400CD6D39 /* dcv.c */,
				DF592CDF16D7F1D400CD6D39 /* dcv.peg */,
				DF592CE016D7F1D400CD6D39 /* dcv.ref */,
				DF592CE116D7F1D400CD6D39 /* fibonacci.bas */,
				DF592CE216D7F1D400CD6D39 /* left.c */,
				DF592CE316D7F1D400CD6D39 /* left.peg */,
				DF592CE416D7F1D400CD6D39 /* localctx.c */,
				DF592CE516D7F1D400CD6D39 /* localctx.ref */,
				DF592CE616D7F1D400CD6D39 /* Makefile */,
				DF592CE716D7F1D400CD6D39 /* rule.c */,
				DF592CE816D7F1D400CD6D39 /* rule.peg */,
				DF592CE916D7F1D400CD6D39 /* rule.ref */,
				DF592CEA16D7F1D400CD6D39 /* test.bas */,
				DF592CEB16D7F1D400CD6D39 /* test.c */,
				DF592CEC16D7F1D400CD6D39 /* test.peg */,
				DF592CED16D7F1D400CD6D39 /* test.ref */,
				DF592CEE16D7F1D400CD6D39 /* username.leg */,
				DF592CEF16D7F1D400CD6D39 /* wc.leg */,
				DF592CF016D7F1D400CD6D39 /* wc.ref */,
			);
			path = examples;
			sourceTree = "<group>";
		};
/* End PBXGroup section */

/* Begin PBXHeadersBuildPhase section */
		4AFA466013E3624F00CFA132 /* Headers */ = {
			isa = PBXHeadersBuildPhase;
			buildActionMask = 2147483647;
			files = (
			);
			runOnlyForDeploymentPostprocessing = 0;
		};
/* End PBXHeadersBuildPhase section */

/* Begin PBXLegacyTarget section */
		65F0B88813DF6C0D00D0980C /* Peg */ = {
			isa = PBXLegacyTarget;
			buildArgumentsString = "$(ACTION)";
			buildConfigurationList = 65F0B88F13DF6C3E00D0980C /* Build configuration list for PBXLegacyTarget "Peg" */;
			buildPhases = (
			);
			buildToolPath = /usr/bin/make;
			buildWorkingDirectory = "./peg-0.1.9";
			dependencies = (
			);
			name = Peg;
			passBuildSettingsInEnvironment = 1;
			productName = Peg;
		};
/* End PBXLegacyTarget section */

/* Begin PBXNativeTarget section */
		4AFA466113E3624F00CFA132 /* libMultiMarkdown */ = {
			isa = PBXNativeTarget;
			buildConfigurationList = 4AFA467013E3624F00CFA132 /* Build configuration list for PBXNativeTarget "libMultiMarkdown" */;
			buildPhases = (
				4AFA467713E3630600CFA132 /* Generate Parser */,
				4AFA466013E3624F00CFA132 /* Headers */,
				4AFA465F13E3624F00CFA132 /* Frameworks */,
				4AFA465E13E3624F00CFA132 /* Sources */,
			);
			buildRules = (
			);
			dependencies = (
				4AFA467913E3633800CFA132 /* PBXTargetDependency */,
			);
			name = libMultiMarkdown;
			productName = multimarkdown;
			productReference = 4AFA466213E3624F00CFA132 /* libMultiMarkdown.a */;
			productType = "com.apple.product-type.library.static";
		};
		8DD76FA90486AB0100D96B5E /* MultiMarkdown */ = {
			isa = PBXNativeTarget;
			buildConfigurationList = 1DEB928508733DD80010E9CD /* Build configuration list for PBXNativeTarget "MultiMarkdown" */;
			buildPhases = (
				8DD76FAB0486AB0100D96B5E /* Sources */,
				8DD76FAD0486AB0100D96B5E /* Frameworks */,
				8DD76FAF0486AB0100D96B5E /* CopyFiles */,
			);
			buildRules = (
			);
			dependencies = (
				65F89EAD13E37BAC006A34B8 /* PBXTargetDependency */,
			);
			name = MultiMarkdown;
			productInstallPath = "$(HOME)/bin";
			productName = MultiMarkdown;
			productReference = 8DD76FB20486AB0100D96B5E /* multimarkdown */;
			productType = "com.apple.product-type.tool";
		};
/* End PBXNativeTarget section */

/* Begin PBXProject section */
		08FB7793FE84155DC02AAC07 /* Project object */ = {
			isa = PBXProject;
			attributes = {
				LastUpgradeCheck = 0460;
			};
			buildConfigurationList = 1DEB928908733DD80010E9CD /* Build configuration list for PBXProject "MultiMarkdown" */;
			compatibilityVersion = "Xcode 3.2";
			developmentRegion = English;
			hasScannedForEncodings = 1;
			knownRegions = (
				English,
				Japanese,
				French,
				German,
			);
			mainGroup = 08FB7794FE84155DC02AAC07 /* MultiMarkdown */;
			projectDirPath = "";
			projectRoot = "";
			targets = (
				8DD76FA90486AB0100D96B5E /* MultiMarkdown */,
				4AFA466113E3624F00CFA132 /* libMultiMarkdown */,
				65F0B88813DF6C0D00D0980C /* Peg */,
				65F0B8EA13DF714E00D0980C /* Run Tests */,
			);
		};
/* End PBXProject section */

/* Begin PBXShellScriptBuildPhase section */
		4AFA467713E3630600CFA132 /* Generate Parser */ = {
			isa = PBXShellScriptBuildPhase;
			buildActionMask = 2147483647;
			files = (
			);
			inputPaths = (
			);
			name = "Generate Parser";
			outputPaths = (
			);
			runOnlyForDeploymentPostprocessing = 0;
			shellPath = /bin/sh;
			shellScript = "./peg-0.1.9/leg -o markdown_parser.c markdown_parser.leg";
		};
		65F0B8E913DF714E00D0980C /* Run Tests */ = {
			isa = PBXShellScriptBuildPhase;
			buildActionMask = 2147483647;
			files = (
			);
			inputPaths = (
			);
			name = "Run Tests";
			outputPaths = (
			);
			runOnlyForDeploymentPostprocessing = 0;
			shellPath = /bin/sh;
			shellScript = "# shell script goes here\ncd ${PROJECT_DIR}/MarkdownTest\n\n# Basic Markdown Tests\n./MarkdownTest.pl --Script=\"${BUILT_PRODUCTS_DIR}/MultiMarkdown\" --testdir=\"${PROJECT_DIR}/MarkdownTest/Tests\"\n\n# MultiMarkdown extensions\n./MarkdownTest.pl --Script=\"${BUILT_PRODUCTS_DIR}/MultiMarkdown\" --testdir=\"${PROJECT_DIR}/MarkdownTest/MultiMarkdownTests\"\n";
		};
/* End PBXShellScriptBuildPhase section */

/* Begin PBXSourcesBuildPhase section */
		4AFA465E13E3624F00CFA132 /* Sources */ = {
			isa = PBXSourcesBuildPhase;
			buildActionMask = 2147483647;
			files = (
				4AFA467613E362B500CFA132 /* markdown_parser.c in Sources */,
				4AFA467D13E3640600CFA132 /* markdown_output.c in Sources */,
				4AFA467A13E363FA00CFA132 /* markdown_lib.c in Sources */,
				4AFA467513E362AC00CFA132 /* GLibFacade.c in Sources */,
				DF592D0016D813EB00CD6D39 /* utility_functions.c in Sources */,
				DF592D0116D813F300CD6D39 /* parsing_functions.c in Sources */,
				DF592D0216D813F900CD6D39 /* odf.c in Sources */,
			);
			runOnlyForDeploymentPostprocessing = 0;
		};
		8DD76FAB0486AB0100D96B5E /* Sources */ = {
			isa = PBXSourcesBuildPhase;
			buildActionMask = 2147483647;
			files = (
				65F0B69E13DF47CC00D0980C /* markdown.c in Sources */,
			);
			runOnlyForDeploymentPostprocessing = 0;
		};
/* End PBXSourcesBuildPhase section */

/* Begin PBXTargetDependency section */
		4AFA467913E3633800CFA132 /* PBXTargetDependency */ = {
			isa = PBXTargetDependency;
			target = 65F0B88813DF6C0D00D0980C /* Peg */;
			targetProxy = 4AFA467813E3633800CFA132 /* PBXContainerItemProxy */;
		};
		65F0B8FD13DF724D00D0980C /* PBXTargetDependency */ = {
			isa = PBXTargetDependency;
			target = 8DD76FA90486AB0100D96B5E /* MultiMarkdown */;
			targetProxy = 65F0B8FC13DF724D00D0980C /* PBXContainerItemProxy */;
		};
		65F89EAD13E37BAC006A34B8 /* PBXTargetDependency */ = {
			isa = PBXTargetDependency;
			target = 4AFA466113E3624F00CFA132 /* libMultiMarkdown */;
			targetProxy = 65F89EAC13E37BAC006A34B8 /* PBXContainerItemProxy */;
		};
/* End PBXTargetDependency section */

/* Begin XCBuildConfiguration section */
		1DEB928608733DD80010E9CD /* Debug */ = {
			isa = XCBuildConfiguration;
			baseConfigurationReference = 65F89EB913E37BEF006A34B8 /* Debug.xcconfig */;
			buildSettings = {
				ALWAYS_SEARCH_USER_PATHS = NO;
				HEADER_SEARCH_PATHS = .;
				INSTALL_PATH = /usr/local/bin;
				PRODUCT_NAME = multimarkdown;
			};
			name = Debug;
		};
		1DEB928708733DD80010E9CD /* Release */ = {
			isa = XCBuildConfiguration;
			baseConfigurationReference = 65F89EBA13E37C2A006A34B8 /* Release.xcconfig */;
			buildSettings = {
				ALWAYS_SEARCH_USER_PATHS = NO;
				COPY_PHASE_STRIP = NO;
				GCC_MODEL_TUNING = G5;
				GCC_PREFIX_HEADER = MarkdownMacPrefix.h;
				HEADER_SEARCH_PATHS = .;
				INSTALL_PATH = /usr/local/bin;
				OTHER_CFLAGS = "-DSTANDALONE_MAC_VERSION=1";
				PRODUCT_NAME = multimarkdown;
				SEPARATE_STRIP = YES;
				STRIP_INSTALLED_PRODUCT = YES;
			};
			name = Release;
		};
		1DEB928A08733DD80010E9CD /* Debug */ = {
			isa = XCBuildConfiguration;
			buildSettings = {
				ARCHS = (
					i386,
					ppc,
					x86_64,
				);
				GCC_C_LANGUAGE_STANDARD = gnu99;
				GCC_OPTIMIZATION_LEVEL = 0;
				GCC_WARN_ABOUT_RETURN_TYPE = YES;
				GCC_WARN_UNUSED_VARIABLE = YES;
				ONLY_ACTIVE_ARCH = YES;
				SDKROOT = macosx;
			};
			name = Debug;
		};
		1DEB928B08733DD80010E9CD /* Release */ = {
			isa = XCBuildConfiguration;
			buildSettings = {
				ARCHS = (
					i386,
					ppc,
					x86_64,
				);
				GCC_C_LANGUAGE_STANDARD = gnu99;
				GCC_WARN_ABOUT_RETURN_TYPE = YES;
				GCC_WARN_UNUSED_VARIABLE = YES;
				MACOSX_DEPLOYMENT_TARGET = 10.4;
				SDKROOT = macosx;
			};
			name = Release;
		};
		4AFA467113E3624F00CFA132 /* Debug */ = {
			isa = XCBuildConfiguration;
			baseConfigurationReference = 65F89EB913E37BEF006A34B8 /* Debug.xcconfig */;
			buildSettings = {
				ALWAYS_SEARCH_USER_PATHS = NO;
				COMBINE_HIDPI_IMAGES = YES;
				GCC_PREPROCESSOR_DEFINITIONS = (
					"DEBUG=1",
					"$(inherited)",
				);
				HEADER_SEARCH_PATHS = .;
				PRODUCT_NAME = MultiMarkdown;
			};
			name = Debug;
		};
		4AFA467213E3624F00CFA132 /* Release */ = {
			isa = XCBuildConfiguration;
			baseConfigurationReference = 65F89EBA13E37C2A006A34B8 /* Release.xcconfig */;
			buildSettings = {
				ALWAYS_SEARCH_USER_PATHS = NO;
				COMBINE_HIDPI_IMAGES = YES;
				HEADER_SEARCH_PATHS = .;
				PRODUCT_NAME = MultiMarkdown;
			};
			name = Release;
		};
		4AFA467313E3624F00CFA132 /* Release10.6+ */ = {
			isa = XCBuildConfiguration;
			baseConfigurationReference = 65F89E8113E379ED006A34B8 /* Release10.6+.xcconfig */;
			buildSettings = {
				ALWAYS_SEARCH_USER_PATHS = NO;
				COMBINE_HIDPI_IMAGES = YES;
				HEADER_SEARCH_PATHS = .;
				PRODUCT_NAME = MultiMarkdown;
			};
			name = "Release10.6+";
		};
		651A542813E20D2400BCB02A /* Release10.6+ */ = {
			isa = XCBuildConfiguration;
			buildSettings = {
				ARCHS = (
					i386,
					ppc,
					x86_64,
				);
				GCC_C_LANGUAGE_STANDARD = gnu99;
				GCC_WARN_ABOUT_RETURN_TYPE = YES;
				GCC_WARN_UNUSED_VARIABLE = YES;
				MACOSX_DEPLOYMENT_TARGET = 10.4;
				SDKROOT = macosx;
			};
			name = "Release10.6+";
		};
		651A542913E20D2400BCB02A /* Release10.6+ */ = {
			isa = XCBuildConfiguration;
			baseConfigurationReference = 65F89E8113E379ED006A34B8 /* Release10.6+.xcconfig */;
			buildSettings = {
				ALWAYS_SEARCH_USER_PATHS = NO;
				HEADER_SEARCH_PATHS = .;
				INSTALL_PATH = /usr/local/bin;
				PRODUCT_NAME = multimarkdown;
			};
			name = "Release10.6+";
		};
		651A542A13E20D2400BCB02A /* Release10.6+ */ = {
			isa = XCBuildConfiguration;
			buildSettings = {
				CC = "`xcrun -find clang`";
				COMBINE_HIDPI_IMAGES = YES;
				COPY_PHASE_STRIP = YES;
				DEBUG_INFORMATION_FORMAT = "dwarf-with-dsym";
				PRODUCT_NAME = Peg;
				ZERO_LINK = NO;
			};
			name = "Release10.6+";
		};
		651A542B13E20D2400BCB02A /* Release10.6+ */ = {
			isa = XCBuildConfiguration;
			buildSettings = {
				COMBINE_HIDPI_IMAGES = YES;
				COPY_PHASE_STRIP = YES;
				DEBUG_INFORMATION_FORMAT = "dwarf-with-dsym";
				PRODUCT_NAME = "MultiMarkdown Tests";
				ZERO_LINK = NO;
			};
			name = "Release10.6+";
		};
		65F0B88913DF6C0D00D0980C /* Debug */ = {
			isa = XCBuildConfiguration;
			buildSettings = {
				CC = "`xcrun -find clang`";
				COMBINE_HIDPI_IMAGES = YES;
				COPY_PHASE_STRIP = NO;
				GCC_DYNAMIC_NO_PIC = NO;
				GCC_OPTIMIZATION_LEVEL = 0;
				PRODUCT_NAME = Peg;
			};
			name = Debug;
		};
		65F0B88A13DF6C0D00D0980C /* Release */ = {
			isa = XCBuildConfiguration;
			buildSettings = {
				CC = "`xcrun -find clang`";
				COMBINE_HIDPI_IMAGES = YES;
				COPY_PHASE_STRIP = YES;
				DEBUG_INFORMATION_FORMAT = "dwarf-with-dsym";
				PRODUCT_NAME = Peg;
				ZERO_LINK = NO;
			};
			name = Release;
		};
		65F0B8EB13DF714F00D0980C /* Debug */ = {
			isa = XCBuildConfiguration;
			buildSettings = {
				COMBINE_HIDPI_IMAGES = YES;
				COPY_PHASE_STRIP = NO;
				GCC_DYNAMIC_NO_PIC = NO;
				GCC_OPTIMIZATION_LEVEL = 0;
				PRODUCT_NAME = "MultiMarkdown Tests";
			};
			name = Debug;
		};
		65F0B8EC13DF714F00D0980C /* Release */ = {
			isa = XCBuildConfiguration;
			buildSettings = {
				COMBINE_HIDPI_IMAGES = YES;
				COPY_PHASE_STRIP = YES;
				DEBUG_INFORMATION_FORMAT = "dwarf-with-dsym";
				PRODUCT_NAME = "MultiMarkdown Tests";
				ZERO_LINK = NO;
			};
			name = Release;
		};
/* End XCBuildConfiguration section */

/* Begin XCConfigurationList section */
		1DEB928508733DD80010E9CD /* Build configuration list for PBXNativeTarget "MultiMarkdown" */ = {
			isa = XCConfigurationList;
			buildConfigurations = (
				1DEB928608733DD80010E9CD /* Debug */,
				1DEB928708733DD80010E9CD /* Release */,
				651A542913E20D2400BCB02A /* Release10.6+ */,
			);
			defaultConfigurationIsVisible = 0;
			defaultConfigurationName = Release;
		};
		1DEB928908733DD80010E9CD /* Build configuration list for PBXProject "MultiMarkdown" */ = {
			isa = XCConfigurationList;
			buildConfigurations = (
				1DEB928A08733DD80010E9CD /* Debug */,
				1DEB928B08733DD80010E9CD /* Release */,
				651A542813E20D2400BCB02A /* Release10.6+ */,
			);
			defaultConfigurationIsVisible = 0;
			defaultConfigurationName = Release;
		};
		4AFA467013E3624F00CFA132 /* Build configuration list for PBXNativeTarget "libMultiMarkdown" */ = {
			isa = XCConfigurationList;
			buildConfigurations = (
				4AFA467113E3624F00CFA132 /* Debug */,
				4AFA467213E3624F00CFA132 /* Release */,
				4AFA467313E3624F00CFA132 /* Release10.6+ */,
			);
			defaultConfigurationIsVisible = 0;
			defaultConfigurationName = Release;
		};
		65F0B88F13DF6C3E00D0980C /* Build configuration list for PBXLegacyTarget "Peg" */ = {
			isa = XCConfigurationList;
			buildConfigurations = (
				65F0B88913DF6C0D00D0980C /* Debug */,
				65F0B88A13DF6C0D00D0980C /* Release */,
				651A542A13E20D2400BCB02A /* Release10.6+ */,
			);
			defaultConfigurationIsVisible = 0;
			defaultConfigurationName = Release;
		};
		65F0B8ED13DF716D00D0980C /* Build configuration list for PBXAggregateTarget "Run Tests" */ = {
			isa = XCConfigurationList;
			buildConfigurations = (
				65F0B8EB13DF714F00D0980C /* Debug */,
				65F0B8EC13DF714F00D0980C /* Release */,
				651A542B13E20D2400BCB02A /* Release10.6+ */,
			);
			defaultConfigurationIsVisible = 0;
			defaultConfigurationName = Release;
		};
/* End XCConfigurationList section */
	};
	rootObject = 08FB7793FE84155DC02AAC07 /* Project object */;
}
